
Microsoft Visual Studio Solution File, Format Version 12.00
# Visual Studio 15
VisualStudioVersion = 15.0.28010.2048
MinimumVisualStudioVersion = 10.0.40219.1
Project("{FAE04EC0-301F-11D3-BF4B-00C04F79EFBC}") = "CA201013", "CA201013\CA201013.csproj", "{BCB4EF95-9AF1-461B-9784-BDA49A2FB3BD}"
EndProject
Global
	GlobalSection(SolutionConfigurationPlatforms) = preSolution
		Debug|Any CPU = Debug|Any CPU
		Release|Any CPU = Release|Any CPU
	EndGlobalSection
	GlobalSection(ProjectConfigurationPlatforms) = postSolution
		{BCB4EF95-9AF1-461B-9784-BDA49A2FB3BD}.Debug|Any CPU.ActiveCfg = Debug|Any CPU
		{BCB4EF95-9AF1-461B-9784-BDA49A2FB3BD}.Debug|Any CPU.Build.0 = Debug|Any CPU
		{BCB4EF95-9AF1-461B-9784-BDA49A2FB3BD}.Release|Any CPU.ActiveCfg = Release|Any CPU
		{BCB4EF95-9AF1-461B-9784-BDA49A2FB3BD}.Release|Any CPU.Build.0 = Release|Any CPU
	EndGlobalSection
	GlobalSection(SolutionProperties) = preSolution
		HideSolutionNode = FALSE
	EndGlobalSection
	GlobalSection(ExtensibilityGlobals) = postSolution
		SolutionGuid = {D0A153FE-B75F-492A-BC6E-E67620B20415}
	EndGlobalSection
EndGlobal
